
Microsoft Visual Studio Solution File, Format Version 12.00
# Visual Studio Version 17
VisualStudioVersion = 17.13.35919.96
MinimumVisualStudioVersion = 10.0.40219.1
Project("{FAE04EC0-301F-11D3-BF4B-00C04F79EFBC}") = "PushSharp.Core35", "PushSharp.Core\PushSharp.Core35.csproj", "{2B44A8DA-60BC-4577-A2D7-D9D53F164B2E}"
EndProject
Project("{FAE04EC0-301F-11D3-BF4B-00C04F79EFBC}") = "PushSharp.Tests35", "PushSharp.Tests\PushSharp.Tests35.csproj", "{989B7357-800E-46B9-91AF-A4CE8A55F389}"
EndProject
Project("{2150E333-8FDC-42A3-9474-1A3956D46DE8}") = "Platforms", "Platforms", "{2B7243CB-60A5-4682-802B-B7EC3DEBCF9A}"
EndProject
Project("{FAE04EC0-301F-11D3-BF4B-00C04F79EFBC}") = "PushSharp.Apple35", "PushSharp.Apple\PushSharp.Apple35.csproj", "{A9D99F80-FEEB-4E74-96C5-66F17103C773}"
EndProject
Project("{FAE04EC0-301F-11D3-BF4B-00C04F79EFBC}") = "PushSharp.Windows35", "PushSharp.Windows\PushSharp.Windows35.csproj", "{DC80552B-6730-44AA-9B74-1E036BD909C3}"
EndProject
Project("{FAE04EC0-301F-11D3-BF4B-00C04F79EFBC}") = "PushSharp.Firefox35", "PushSharp.Firefox\PushSharp.Firefox35.csproj", "{54A4C1F9-6571-4086-BB4B-EC202138AF00}"
EndProject
Project("{FAE04EC0-301F-11D3-BF4B-00C04F79EFBC}") = "PushSharp.Amazon35", "PushSharp.Amazon\PushSharp.Amazon35.csproj", "{2468C63B-C964-4FC3-9B16-13DC17CF7D11}"
EndProject
Project("{FAE04EC0-301F-11D3-BF4B-00C04F79EFBC}") = "PushSharp.Google35", "PushSharp.Google\PushSharp.Google35.csproj", "{94F16497-471F-433F-A99E-C455FB2D7724}"
EndProject
Project("{FAE04EC0-301F-11D3-BF4B-00C04F79EFBC}") = "PushSharp.Blackberry35", "PushSharp.Blackberry\PushSharp.Blackberry35.csproj", "{9F972AE9-DE47-4C26-AEE0-97E8A14F2E12}"
EndProject
Project("{FAE04EC0-301F-11D3-BF4B-00C04F79EFBC}") = "PushSharp.HuaWay35", "PushSharp.HuaWay\PushSharp.HuaWay35.csproj", "{810A61DE-E2D2-4CEB-9DC4-10FD45860BA2}"
EndProject
Project("{2150E333-8FDC-42A3-9474-1A3956D46DE8}") = "Solution Items", "Solution Items", "{02EA681E-C7D8-13C7-8484-4AC65E1B71E8}"
	ProjectSection(SolutionItems) = preProject
		.editorconfig = .editorconfig
		Directory.Build.props = Directory.Build.props
		Directory.Build.targets = Directory.Build.targets
		Directory.Packages.props = Directory.Packages.props
		README.md = README.md
		PushSharp.nuspec = PushSharp.nuspec
	EndProjectSection
EndProject
Project("{2150E333-8FDC-42A3-9474-1A3956D46DE8}") = "workflows", "workflows", "{089F1C4E-5954-45E6-BC19-82706D754D8B}"
	ProjectSection(SolutionItems) = preProject
		.github\workflows\release.yml = .github\workflows\release.yml
		.github\workflows\test.yml = .github\workflows\test.yml
	EndProjectSection
EndProject
Global
	GlobalSection(SolutionConfigurationPlatforms) = preSolution
		Debug|Any CPU = Debug|Any CPU
		Release|Any CPU = Release|Any CPU
	EndGlobalSection
	GlobalSection(ProjectConfigurationPlatforms) = postSolution
		{2B44A8DA-60BC-4577-A2D7-D9D53F164B2E}.Debug|Any CPU.ActiveCfg = Debug|Any CPU
		{2B44A8DA-60BC-4577-A2D7-D9D53F164B2E}.Debug|Any CPU.Build.0 = Debug|Any CPU
		{2B44A8DA-60BC-4577-A2D7-D9D53F164B2E}.Release|Any CPU.ActiveCfg = Release|Any CPU
		{2B44A8DA-60BC-4577-A2D7-D9D53F164B2E}.Release|Any CPU.Build.0 = Release|Any CPU
		{989B7357-800E-46B9-91AF-A4CE8A55F389}.Debug|Any CPU.ActiveCfg = Debug|Any CPU
		{989B7357-800E-46B9-91AF-A4CE8A55F389}.Debug|Any CPU.Build.0 = Debug|Any CPU
		{989B7357-800E-46B9-91AF-A4CE8A55F389}.Release|Any CPU.ActiveCfg = Release|Any CPU
		{989B7357-800E-46B9-91AF-A4CE8A55F389}.Release|Any CPU.Build.0 = Release|Any CPU
		{A9D99F80-FEEB-4E74-96C5-66F17103C773}.Debug|Any CPU.ActiveCfg = Debug|Any CPU
		{A9D99F80-FEEB-4E74-96C5-66F17103C773}.Debug|Any CPU.Build.0 = Debug|Any CPU
		{A9D99F80-FEEB-4E74-96C5-66F17103C773}.Release|Any CPU.ActiveCfg = Release|Any CPU
		{A9D99F80-FEEB-4E74-96C5-66F17103C773}.Release|Any CPU.Build.0 = Release|Any CPU
		{DC80552B-6730-44AA-9B74-1E036BD909C3}.Debug|Any CPU.ActiveCfg = Debug|Any CPU
		{DC80552B-6730-44AA-9B74-1E036BD909C3}.Debug|Any CPU.Build.0 = Debug|Any CPU
		{DC80552B-6730-44AA-9B74-1E036BD909C3}.Release|Any CPU.ActiveCfg = Release|Any CPU
		{DC80552B-6730-44AA-9B74-1E036BD909C3}.Release|Any CPU.Build.0 = Release|Any CPU
		{54A4C1F9-6571-4086-BB4B-EC202138AF00}.Debug|Any CPU.ActiveCfg = Debug|Any CPU
		{54A4C1F9-6571-4086-BB4B-EC202138AF00}.Debug|Any CPU.Build.0 = Debug|Any CPU
		{54A4C1F9-6571-4086-BB4B-EC202138AF00}.Release|Any CPU.ActiveCfg = Release|Any CPU
		{54A4C1F9-6571-4086-BB4B-EC202138AF00}.Release|Any CPU.Build.0 = Release|Any CPU
		{2468C63B-C964-4FC3-9B16-13DC17CF7D11}.Debug|Any CPU.ActiveCfg = Debug|Any CPU
		{2468C63B-C964-4FC3-9B16-13DC17CF7D11}.Debug|Any CPU.Build.0 = Debug|Any CPU
		{2468C63B-C964-4FC3-9B16-13DC17CF7D11}.Release|Any CPU.ActiveCfg = Release|Any CPU
		{2468C63B-C964-4FC3-9B16-13DC17CF7D11}.Release|Any CPU.Build.0 = Release|Any CPU
		{94F16497-471F-433F-A99E-C455FB2D7724}.Debug|Any CPU.ActiveCfg = Debug|Any CPU
		{94F16497-471F-433F-A99E-C455FB2D7724}.Debug|Any CPU.Build.0 = Debug|Any CPU
		{94F16497-471F-433F-A99E-C455FB2D7724}.Release|Any CPU.ActiveCfg = Release|Any CPU
		{94F16497-471F-433F-A99E-C455FB2D7724}.Release|Any CPU.Build.0 = Release|Any CPU
		{9F972AE9-DE47-4C26-AEE0-97E8A14F2E12}.Debug|Any CPU.ActiveCfg = Debug|Any CPU
		{9F972AE9-DE47-4C26-AEE0-97E8A14F2E12}.Debug|Any CPU.Build.0 = Debug|Any CPU
		{9F972AE9-DE47-4C26-AEE0-97E8A14F2E12}.Release|Any CPU.ActiveCfg = Release|Any CPU
		{9F972AE9-DE47-4C26-AEE0-97E8A14F2E12}.Release|Any CPU.Build.0 = Release|Any CPU
		{810A61DE-E2D2-4CEB-9DC4-10FD45860BA2}.Debug|Any CPU.ActiveCfg = Debug|Any CPU
		{810A61DE-E2D2-4CEB-9DC4-10FD45860BA2}.Debug|Any CPU.Build.0 = Debug|Any CPU
		{810A61DE-E2D2-4CEB-9DC4-10FD45860BA2}.Release|Any CPU.ActiveCfg = Release|Any CPU
		{810A61DE-E2D2-4CEB-9DC4-10FD45860BA2}.Release|Any CPU.Build.0 = Release|Any CPU
	EndGlobalSection
	GlobalSection(SolutionProperties) = preSolution
		HideSolutionNode = FALSE
	EndGlobalSection
	GlobalSection(NestedProjects) = preSolution
		{A9D99F80-FEEB-4E74-96C5-66F17103C773} = {2B7243CB-60A5-4682-802B-B7EC3DEBCF9A}
		{DC80552B-6730-44AA-9B74-1E036BD909C3} = {2B7243CB-60A5-4682-802B-B7EC3DEBCF9A}
		{54A4C1F9-6571-4086-BB4B-EC202138AF00} = {2B7243CB-60A5-4682-802B-B7EC3DEBCF9A}
		{2468C63B-C964-4FC3-9B16-13DC17CF7D11} = {2B7243CB-60A5-4682-802B-B7EC3DEBCF9A}
		{94F16497-471F-433F-A99E-C455FB2D7724} = {2B7243CB-60A5-4682-802B-B7EC3DEBCF9A}
		{9F972AE9-DE47-4C26-AEE0-97E8A14F2E12} = {2B7243CB-60A5-4682-802B-B7EC3DEBCF9A}
		{810A61DE-E2D2-4CEB-9DC4-10FD45860BA2} = {2B7243CB-60A5-4682-802B-B7EC3DEBCF9A}
		{089F1C4E-5954-45E6-BC19-82706D754D8B} = {02EA681E-C7D8-13C7-8484-4AC65E1B71E8}
	EndGlobalSection
	GlobalSection(ExtensibilityGlobals) = postSolution
		SolutionGuid = {0E3FB748-F281-4978-9AA5-427D4011C872}
	EndGlobalSection
EndGlobal
